
Microsoft Visual Studio Solution File, Format Version 11.00
# Visual Studio 2010
Project("{FAE04EC0-301F-11D3-BF4B-00C04F79EFBC}") = "StateMachine.Tests", "StateMachine.Tests.csproj", "{83B82476-D7A5-4CAE-A2A8-326302D6C1FE}"
EndProject
Project("{2150E333-8FDC-42A3-9474-1A3956D46DE8}") = "Solution Items", "Solution Items", "{08CA45B3-D306-4EED-A91E-E2C7817AEB80}"
	ProjectSection(SolutionItems) = preProject
		Local.testsettings = Local.testsettings
		StateMachine.Tests.vsmdi = StateMachine.Tests.vsmdi
		TraceAndTestImpact.testsettings = TraceAndTestImpact.testsettings
	EndProjectSection
EndProject
Global
	GlobalSection(TestCaseManagementSettings) = postSolution
		CategoryFile = StateMachine.Tests.vsmdi
	EndGlobalSection
	GlobalSection(SolutionConfigurationPlatforms) = preSolution
		Debug|Any CPU = Debug|Any CPU
		Release|Any CPU = Release|Any CPU
	EndGlobalSection
	GlobalSection(ProjectConfigurationPlatforms) = postSolution
		{83B82476-D7A5-4CAE-A2A8-326302D6C1FE}.Debug|Any CPU.ActiveCfg = Debug|Any CPU
		{83B82476-D7A5-4CAE-A2A8-326302D6C1FE}.Debug|Any CPU.Build.0 = Debug|Any CPU
		{83B82476-D7A5-4CAE-A2A8-326302D6C1FE}.Release|Any CPU.ActiveCfg = Release|Any CPU
		{83B82476-D7A5-4CAE-A2A8-326302D6C1FE}.Release|Any CPU.Build.0 = Release|Any CPU
	EndGlobalSection
	GlobalSection(SolutionProperties) = preSolution
		HideSolutionNode = FALSE
	EndGlobalSection
EndGlobal
